// !$*UTF8*$!
{
	archiveVersion = 1;
	classes = {
	};
	objectVersion = 50;
	objects = {

/* Begin PBXBuildFile section */
		70BB07097E1E325068CA2857 /* Pods_cocoatest.framework in Frameworks */ = {isa = PBXBuildFile; fileRef = 7479059ACD38B7167348D0DE /* Pods_cocoatest.framework */; };
		755C558A25B84C7A00652156 /* AppDelegate.swift in Sources */ = {isa = PBXBuildFile; fileRef = 755C558925B84C7A00652156 /* AppDelegate.swift */; };
		755C558C25B84C7A00652156 /* SceneDelegate.swift in Sources */ = {isa = PBXBuildFile; fileRef = 755C558B25B84C7A00652156 /* SceneDelegate.swift */; };
		755C558E25B84C7A00652156 /* ViewController.swift in Sources */ = {isa = PBXBuildFile; fileRef = 755C558D25B84C7A00652156 /* ViewController.swift */; };
		755C559125B84C7A00652156 /* Main.storyboard in Resources */ = {isa = PBXBuildFile; fileRef = 755C558F25B84C7A00652156 /* Main.storyboard */; };
		755C559325B84C7D00652156 /* Assets.xcassets in Resources */ = {isa = PBXBuildFile; fileRef = 755C559225B84C7D00652156 /* Assets.xcassets */; };
		755C559625B84C7D00652156 /* LaunchScreen.storyboard in Resources */ = {isa = PBXBuildFile; fileRef = 755C559425B84C7D00652156 /* LaunchScreen.storyboard */; };
/* End PBXBuildFile section */

/* Begin PBXFileReference section */
		469E8F0774528A9269C99630 /* Pods-cocoatest.debug.xcconfig */ = {isa = PBXFileReference; includeInIndex = 1; lastKnownFileType = text.xcconfig; name = "Pods-cocoatest.debug.xcconfig"; path = "Target Support Files/Pods-cocoatest/Pods-cocoatest.debug.xcconfig"; sourceTree = "<group>"; };
		4B561C833465EA3341A736BF /* Pods-cocoatest.release.xcconfig */ = {isa = PBXFileReference; includeInIndex = 1; lastKnownFileType = text.xcconfig; name = "Pods-cocoatest.release.xcconfig"; path = "Target Support Files/Pods-cocoatest/Pods-cocoatest.release.xcconfig"; sourceTree = "<group>"; };
		7479059ACD38B7167348D0DE /* Pods_cocoatest.framework */ = {isa = PBXFileReference; explicitFileType = wrapper.framework; includeInIndex = 0; path = Pods_cocoatest.framework; sourceTree = BUILT_PRODUCTS_DIR; };
		755C558625B84C7A00652156 /* cocoatest.app */ = {isa = PBXFileReference; explicitFileType = wrapper.application; includeInIndex = 0; path = cocoatest.app; sourceTree = BUILT_PRODUCTS_DIR; };
		755C558925B84C7A00652156 /* AppDelegate.swift */ = {isa = PBXFileReference; lastKnownFileType = sourcecode.swift; path = AppDelegate.swift; sourceTree = "<group>"; };
		755C558B25B84C7A00652156 /* SceneDelegate.swift */ = {isa = PBXFileReference; lastKnownFileType = sourcecode.swift; path = SceneDelegate.swift; sourceTree = "<group>"; };
		755C558D25B84C7A00652156 /* ViewController.swift */ = {isa = PBXFileReference; lastKnownFileType = sourcecode.swift; path = ViewController.swift; sourceTree = "<group>"; };
		755C559025B84C7A00652156 /* Base */ = {isa = PBXFileReference; lastKnownFileType = file.storyboard; name = Base; path = Base.lproj/Main.storyboard; sourceTree = "<group>"; };
		755C559225B84C7D00652156 /* Assets.xcassets */ = {isa = PBXFileReference; lastKnownFileType = folder.assetcatalog; path = Assets.xcassets; sourceTree = "<group>"; };
		755C559525B84C7D00652156 /* Base */ = {isa = PBXFileReference; lastKnownFileType = file.storyboard; name = Base; path = Base.lproj/LaunchScreen.storyboard; sourceTree = "<group>"; };
		755C559725B84C7D00652156 /* Info.plist */ = {isa = PBXFileReference; lastKnownFileType = text.plist.xml; path = Info.plist; sourceTree = "<group>"; };
/* End PBXFileReference section */

/* Begin PBXFrameworksBuildPhase section */
		755C558325B84C7A00652156 /* Frameworks */ = {
			isa = PBXFrameworksBuildPhase;
			buildActionMask = 2147483647;
			files = (
				70BB07097E1E325068CA2857 /* Pods_cocoatest.framework in Frameworks */,
			);
			runOnlyForDeploymentPostprocessing = 0;
		};
/* End PBXFrameworksBuildPhase section */

/* Begin PBXGroup section */
		2C3C86645E7BB35E1BACC507 /* Pods */ = {
			isa = PBXGroup;
			children = (
				469E8F0774528A9269C99630 /* Pods-cocoatest.debug.xcconfig */,
				4B561C833465EA3341A736BF /* Pods-cocoatest.release.xcconfig */,
			);
			name = Pods;
			path = Pods;
			sourceTree = "<group>";
		};
		755C557D25B84C7A00652156 = {
			isa = PBXGroup;
			children = (
				755C558825B84C7A00652156 /* cocoatest */,
				755C558725B84C7A00652156 /* Products */,
				2C3C86645E7BB35E1BACC507 /* Pods */,
				EA6DE414C50376D6A1452F4F /* Frameworks */,
			);
			sourceTree = "<group>";
		};
		755C558725B84C7A00652156 /* Products */ = {
			isa = PBXGroup;
			children = (
				755C558625B84C7A00652156 /* cocoatest.app */,
			);
			name = Products;
			sourceTree = "<group>";
		};
		755C558825B84C7A00652156 /* cocoatest */ = {
			isa = PBXGroup;
			children = (
				755C558925B84C7A00652156 /* AppDelegate.swift */,
				755C558B25B84C7A00652156 /* SceneDelegate.swift */,
				755C558D25B84C7A00652156 /* ViewController.swift */,
				755C558F25B84C7A00652156 /* Main.storyboard */,
				755C559225B84C7D00652156 /* Assets.xcassets */,
				755C559425B84C7D00652156 /* LaunchScreen.storyboard */,
				755C559725B84C7D00652156 /* Info.plist */,
			);
			path = cocoatest;
			sourceTree = "<group>";
		};
		EA6DE414C50376D6A1452F4F /* Frameworks */ = {
			isa = PBXGroup;
			children = (
				7479059ACD38B7167348D0DE /* Pods_cocoatest.framework */,
			);
			name = Frameworks;
			sourceTree = "<group>";
		};
/* End PBXGroup section */

/* Begin PBXNativeTarget section */
		755C558525B84C7A00652156 /* cocoatest */ = {
			isa = PBXNativeTarget;
			buildConfigurationList = 755C559A25B84C7D00652156 /* Build configuration list for PBXNativeTarget "cocoatest" */;
			buildPhases = (
				3A8BB5D145073C7C851E39BB /* [CP] Check Pods Manifest.lock */,
				755C558225B84C7A00652156 /* Sources */,
				755C558325B84C7A00652156 /* Frameworks */,
				755C558425B84C7A00652156 /* Resources */,
				36F7DF510D7486745F2EFDAD /* [CP] Embed Pods Frameworks */,
			);
			buildRules = (
			);
			dependencies = (
			);
			name = cocoatest;
			productName = cocoatest;
			productReference = 755C558625B84C7A00652156 /* cocoatest.app */;
			productType = "com.apple.product-type.application";
		};
/* End PBXNativeTarget section */

/* Begin PBXProject section */
		755C557E25B84C7A00652156 /* Project object */ = {
			isa = PBXProject;
			attributes = {
				LastSwiftUpdateCheck = 1230;
				LastUpgradeCheck = 1230;
				TargetAttributes = {
					755C558525B84C7A00652156 = {
						CreatedOnToolsVersion = 12.3;
					};
				};
			};
			buildConfigurationList = 755C558125B84C7A00652156 /* Build configuration list for PBXProject "cocoatest" */;
			compatibilityVersion = "Xcode 9.3";
			developmentRegion = en;
			hasScannedForEncodings = 0;
			knownRegions = (
				en,
				Base,
			);
			mainGroup = 755C557D25B84C7A00652156;
			productRefGroup = 755C558725B84C7A00652156 /* Products */;
			projectDirPath = "";
			projectRoot = "";
			targets = (
				755C558525B84C7A00652156 /* cocoatest */,
			);
		};
/* End PBXProject section */

/* Begin PBXResourcesBuildPhase section */
		755C558425B84C7A00652156 /* Resources */ = {
			isa = PBXResourcesBuildPhase;
			buildActionMask = 2147483647;
			files = (
				755C559625B84C7D00652156 /* LaunchScreen.storyboard in Resources */,
				755C559325B84C7D00652156 /* Assets.xcassets in Resources */,
				755C559125B84C7A00652156 /* Main.storyboard in Resources */,
			);
			runOnlyForDeploymentPostprocessing = 0;
		};
/* End PBXResourcesBuildPhase section */

/* Begin PBXShellScriptBuildPhase section */
		36F7DF510D7486745F2EFDAD /* [CP] Embed Pods Frameworks */ = {
			isa = PBXShellScriptBuildPhase;
			buildActionMask = 2147483647;
			files = (
			);
			inputFileListPaths = (
				"${PODS_ROOT}/Target Support Files/Pods-cocoatest/Pods-cocoatest-frameworks-${CONFIGURATION}-input-files.xcfilelist",
			);
			name = "[CP] Embed Pods Frameworks";
			outputFileListPaths = (
				"${PODS_ROOT}/Target Support Files/Pods-cocoatest/Pods-cocoatest-frameworks-${CONFIGURATION}-output-files.xcfilelist",
			);
			runOnlyForDeploymentPostprocessing = 0;
			shellPath = /bin/sh;
			shellScript = "\"${PODS_ROOT}/Target Support Files/Pods-cocoatest/Pods-cocoatest-frameworks.sh\"\n";
			showEnvVarsInLog = 0;
		};
		3A8BB5D145073C7C851E39BB /* [CP] Check Pods Manifest.lock */ = {
			isa = PBXShellScriptBuildPhase;
			buildActionMask = 2147483647;
			files = (
			);
			inputFileListPaths = (
			);
			inputPaths = (
				"${PODS_PODFILE_DIR_PATH}/Podfile.lock",
				"${PODS_ROOT}/Manifest.lock",
			);
			name = "[CP] Check Pods Manifest.lock";
			outputFileListPaths = (
			);
			outputPaths = (
				"$(DERIVED_FILE_DIR)/Pods-cocoatest-checkManifestLockResult.txt",
			);
			runOnlyForDeploymentPostprocessing = 0;
			shellPath = /bin/sh;
			shellScript = "diff \"${PODS_PODFILE_DIR_PATH}/Podfile.lock\" \"${PODS_ROOT}/Manifest.lock\" > /dev/null\nif [ $? != 0 ] ; then\n    # print error to STDERR\n    echo \"error: The sandbox is not in sync with the Podfile.lock. Run 'pod install' or update your CocoaPods installation.\" >&2\n    exit 1\nfi\n# This output is used by Xcode 'outputs' to avoid re-running this script phase.\necho \"SUCCESS\" > \"${SCRIPT_OUTPUT_FILE_0}\"\n";
			showEnvVarsInLog = 0;
		};
/* End PBXShellScriptBuildPhase section */

/* Begin PBXSourcesBuildPhase section */
		755C558225B84C7A00652156 /* Sources */ = {
			isa = PBXSourcesBuildPhase;
			buildActionMask = 2147483647;
			files = (
				755C558E25B84C7A00652156 /* ViewController.swift in Sources */,
				755C558A25B84C7A00652156 /* AppDelegate.swift in Sources */,
				755C558C25B84C7A00652156 /* SceneDelegate.swift in Sources */,
			);
			runOnlyForDeploymentPostprocessing = 0;
		};
/* End PBXSourcesBuildPhase section */

/* Begin PBXVariantGroup section */
		755C558F25B84C7A00652156 /* Main.storyboard */ = {
			isa = PBXVariantGroup;
			children = (
				755C559025B84C7A00652156 /* Base */,
			);
			name = Main.storyboard;
			sourceTree = "<group>";
		};
		755C559425B84C7D00652156 /* LaunchScreen.storyboard */ = {
			isa = PBXVariantGroup;
			children = (
				755C559525B84C7D00652156 /* Base */,
			);
			name = LaunchScreen.storyboard;
			sourceTree = "<group>";
		};
/* End PBXVariantGroup section */

/* Begin XCBuildConfiguration section */
		755C559825B84C7D00652156 /* Debug */ = {
			isa = XCBuildConfiguration;
			buildSettings = {
				ALWAYS_SEARCH_USER_PATHS = NO;
				CLANG_ANALYZER_NONNULL = YES;
				CLANG_ANALYZER_NUMBER_OBJECT_CONVERSION = YES_AGGRESSIVE;
				CLANG_CXX_LANGUAGE_STANDARD = "gnu++14";
				CLANG_CXX_LIBRARY = "libc++";
				CLANG_ENABLE_MODULES = YES;
				CLANG_ENABLE_OBJC_ARC = YES;
				CLANG_ENABLE_OBJC_WEAK = YES;
				CLANG_WARN_BLOCK_CAPTURE_AUTORELEASING = YES;
				CLANG_WARN_BOOL_CONVERSION = YES;
				CLANG_WARN_COMMA = YES;
				CLANG_WARN_CONSTANT_CONVERSION = YES;
				CLANG_WARN_DEPRECATED_OBJC_IMPLEMENTATIONS = YES;
				CLANG_WARN_DIRECT_OBJC_ISA_USAGE = YES_ERROR;
				CLANG_WARN_DOCUMENTATION_COMMENTS = YES;
				CLANG_WARN_EMPTY_BODY = YES;
				CLANG_WARN_ENUM_CONVERSION = YES;
				CLANG_WARN_INFINITE_RECURSION = YES;
				CLANG_WARN_INT_CONVERSION = YES;
				CLANG_WARN_NON_LITERAL_NULL_CONVERSION = YES;
				CLANG_WARN_OBJC_IMPLICIT_RETAIN_SELF = YES;
				CLANG_WARN_OBJC_LITERAL_CONVERSION = YES;
				CLANG_WARN_OBJC_ROOT_CLASS = YES_ERROR;
				CLANG_WARN_QUOTED_INCLUDE_IN_FRAMEWORK_HEADER = YES;
				CLANG_WARN_RANGE_LOOP_ANALYSIS = YES;
				CLANG_WARN_STRICT_PROTOTYPES = YES;
				CLANG_WARN_SUSPICIOUS_MOVE = YES;
				CLANG_WARN_UNGUARDED_AVAILABILITY = YES_AGGRESSIVE;
				CLANG_WARN_UNREACHABLE_CODE = YES;
				CLANG_WARN__DUPLICATE_METHOD_MATCH = YES;
				COPY_PHASE_STRIP = NO;
				DEBUG_INFORMATION_FORMAT = dwarf;
				ENABLE_STRICT_OBJC_MSGSEND = YES;
				ENABLE_TESTABILITY = YES;
				GCC_C_LANGUAGE_STANDARD = gnu11;
				GCC_DYNAMIC_NO_PIC = NO;
				GCC_NO_COMMON_BLOCKS = YES;
				GCC_OPTIMIZATION_LEVEL = 0;
				GCC_PREPROCESSOR_DEFINITIONS = (
					"DEBUG=1",
					"$(inherited)",
				);
				GCC_WARN_64_TO_32_BIT_CONVERSION = YES;
				GCC_WARN_ABOUT_RETURN_TYPE = YES_ERROR;
				GCC_WARN_UNDECLARED_SELECTOR = YES;
				GCC_WARN_UNINITIALIZED_AUTOS = YES_AGGRESSIVE;
				GCC_WARN_UNUSED_FUNCTION = YES;
				GCC_WARN_UNUSED_VARIABLE = YES;
				IPHONEOS_DEPLOYMENT_TARGET = 14.3;
				MTL_ENABLE_DEBUG_INFO = INCLUDE_SOURCE;
				MTL_FAST_MATH = YES;
				ONLY_ACTIVE_ARCH = YES;
				SDKROOT = iphoneos;
				SWIFT_ACTIVE_COMPILATION_CONDITIONS = DEBUG;
				SWIFT_OPTIMIZATION_LEVEL = "-Onone";
			};
			name = Debug;
		};
		755C559925B84C7D00652156 /* Release */ = {
			isa = XCBuildConfiguration;
			buildSettings = {
				ALWAYS_SEARCH_USER_PATHS = NO;
				CLANG_ANALYZER_NONNULL = YES;
				CLANG_ANALYZER_NUMBER_OBJECT_CONVERSION = YES_AGGRESSIVE;
				CLANG_CXX_LANGUAGE_STANDARD = "gnu++14";
				CLANG_CXX_LIBRARY = "libc++";
				CLANG_ENABLE_MODULES = YES;
				CLANG_ENABLE_OBJC_ARC = YES;
				CLANG_ENABLE_OBJC_WEAK = YES;
				CLANG_WARN_BLOCK_CAPTURE_AUTORELEASING = YES;
				CLANG_WARN_BOOL_CONVERSION = YES;
				CLANG_WARN_COMMA = YES;
				CLANG_WARN_CONSTANT_CONVERSION = YES;
				CLANG_WARN_DEPRECATED_OBJC_IMPLEMENTATIONS = YES;
				CLANG_WARN_DIRECT_OBJC_ISA_USAGE = YES_ERROR;
				CLANG_WARN_DOCUMENTATION_COMMENTS = YES;
				CLANG_WARN_EMPTY_BODY = YES;
				CLANG_WARN_ENUM_CONVERSION = YES;
				CLANG_WARN_INFINITE_RECURSION = YES;
				CLANG_WARN_INT_CONVERSION = YES;
				CLANG_WARN_NON_LITERAL_NULL_CONVERSION = YES;
				CLANG_WARN_OBJC_IMPLICIT_RETAIN_SELF = YES;
				CLANG_WARN_OBJC_LITERAL_CONVERSION = YES;
				CLANG_WARN_OBJC_ROOT_CLASS = YES_ERROR;
				CLANG_WARN_QUOTED_INCLUDE_IN_FRAMEWORK_HEADER = YES;
				CLANG_WARN_RANGE_LOOP_ANALYSIS = YES;
				CLANG_WARN_STRICT_PROTOTYPES = YES;
				CLANG_WARN_SUSPICIOUS_MOVE = YES;
				CLANG_WARN_UNGUARDED_AVAILABILITY = YES_AGGRESSIVE;
				CLANG_WARN_UNREACHABLE_CODE = YES;
				CLANG_WARN__DUPLICATE_METHOD_MATCH = YES;
				COPY_PHASE_STRIP = NO;
				DEBUG_INFORMATION_FORMAT = "dwarf-with-dsym";
				ENABLE_NS_ASSERTIONS = NO;
				ENABLE_STRICT_OBJC_MSGSEND = YES;
				GCC_C_LANGUAGE_STANDARD = gnu11;
				GCC_NO_COMMON_BLOCKS = YES;
				GCC_WARN_64_TO_32_BIT_CONVERSION = YES;
				GCC_WARN_ABOUT_RETURN_TYPE = YES_ERROR;
				GCC_WARN_UNDECLARED_SELECTOR = YES;
				GCC_WARN_UNINITIALIZED_AUTOS = YES_AGGRESSIVE;
				GCC_WARN_UNUSED_FUNCTION = YES;
				GCC_WARN_UNUSED_VARIABLE = YES;
				IPHONEOS_DEPLOYMENT_TARGET = 14.3;
				MTL_ENABLE_DEBUG_INFO = NO;
				MTL_FAST_MATH = YES;
				SDKROOT = iphoneos;
				SWIFT_COMPILATION_MODE = wholemodule;
				SWIFT_OPTIMIZATION_LEVEL = "-O";
				VALIDATE_PRODUCT = YES;
			};
			name = Release;
		};
		755C559B25B84C7D00652156 /* Debug */ = {
			isa = XCBuildConfiguration;
			baseConfigurationReference = 469E8F0774528A9269C99630 /* Pods-cocoatest.debug.xcconfig */;
			buildSettings = {
				ASSETCATALOG_COMPILER_APPICON_NAME = AppIcon;
				ASSETCATALOG_COMPILER_GLOBAL_ACCENT_COLOR_NAME = AccentColor;
				CODE_SIGN_STYLE = Automatic;
				DEVELOPMENT_TEAM = N53995CJPD;
				INFOPLIST_FILE = cocoatest/Info.plist;
				LD_RUNPATH_SEARCH_PATHS = (
					"$(inherited)",
					"@executable_path/Frameworks",
				);
				PRODUCT_BUNDLE_IDENTIFIER = com.tatsuo.cocoatest;
				PRODUCT_NAME = "$(TARGET_NAME)";
				SWIFT_VERSION = 5.0;
				TARGETED_DEVICE_FAMILY = "1,2";
			};
			name = Debug;
		};
		755C559C25B84C7D00652156 /* Release */ = {
			isa = XCBuildConfiguration;
			baseConfigurationReference = 4B561C833465EA3341A736BF /* Pods-cocoatest.release.xcconfig */;
			buildSettings = {
				ASSETCATALOG_COMPILER_APPICON_NAME = AppIcon;
				ASSETCATALOG_COMPILER_GLOBAL_ACCENT_COLOR_NAME = AccentColor;
				CODE_SIGN_STYLE = Automatic;
				DEVELOPMENT_TEAM = N53995CJPD;
				INFOPLIST_FILE = cocoatest/Info.plist;
				LD_RUNPATH_SEARCH_PATHS = (
					"$(inherited)",
					"@executable_path/Frameworks",
				);
				PRODUCT_BUNDLE_IDENTIFIER = com.tatsuo.cocoatest;
				PRODUCT_NAME = "$(TARGET_NAME)";
				SWIFT_VERSION = 5.0;
				TARGETED_DEVICE_FAMILY = "1,2";
			};
			name = Release;
		};
/* End XCBuildConfiguration section */

/* Begin XCConfigurationList section */
		755C558125B84C7A00652156 /* Build configuration list for PBXProject "cocoatest" */ = {
			isa = XCConfigurationList;
			buildConfigurations = (
				755C559825B84C7D00652156 /* Debug */,
				755C559925B84C7D00652156 /* Release */,
			);
			defaultConfigurationIsVisible = 0;
			defaultConfigurationName = Release;
		};
		755C559A25B84C7D00652156 /* Build configuration list for PBXNativeTarget "cocoatest" */ = {
			isa = XCConfigurationList;
			buildConfigurations = (
				755C559B25B84C7D00652156 /* Debug */,
				755C559C25B84C7D00652156 /* Release */,
			);
			defaultConfigurationIsVisible = 0;
			defaultConfigurationName = Release;
		};
/* End XCConfigurationList section */
	};
	rootObject = 755C557E25B84C7A00652156 /* Project object */;
}
